
Microsoft Visual Studio Solution File, Format Version 10.00
# Visual Studio 2008
Project("{FAE04EC0-301F-11D3-BF4B-00C04F79EFBC}") = "MyLib", "MyLib\MyLib.csproj", "{C8791F31-3235-4CEF-B2B6-16B390541178}"
EndProject
Global
	GlobalSection(SolutionConfigurationPlatforms) = preSolution
		Debug|Any CPU = Debug|Any CPU
		Release|Any CPU = Release|Any CPU
	EndGlobalSection
	GlobalSection(ProjectConfigurationPlatforms) = postSolution
		{C8791F31-3235-4CEF-B2B6-16B390541178}.Debug|Any CPU.ActiveCfg = Debug|Any CPU
		{C8791F31-3235-4CEF-B2B6-16B390541178}.Debug|Any CPU.Build.0 = Debug|Any CPU
		{C8791F31-3235-4CEF-B2B6-16B390541178}.Release|Any CPU.ActiveCfg = Release|Any CPU
		{C8791F31-3235-4CEF-B2B6-16B390541178}.Release|Any CPU.Build.0 = Release|Any CPU
	EndGlobalSection
	GlobalSection(SolutionProperties) = preSolution
		HideSolutionNode = FALSE
	EndGlobalSection
EndGlobal
